
Microsoft Visual Studio Solution File, Format Version 12.00
# Visual Studio 14
VisualStudioVersion = 14.0.25420.1
MinimumVisualStudioVersion = 10.0.40219.1
Project("{2150E333-8FDC-42A3-9474-1A3956D46DE8}") = "0 - Apresentacao", "0 - Apresentacao", "{282C9472-8121-41C1-8E1D-7FF49D87EAE7}"
EndProject
Project("{FAE04EC0-301F-11D3-BF4B-00C04F79EFBC}") = "BibliotecaSubeta.MVVM", "BibliotecaSubeta.MVVM\BibliotecaSubeta.MVVM.csproj", "{FBF19727-7C9D-46BD-B7A3-E9784B969BCF}"
EndProject
Project("{2150E333-8FDC-42A3-9474-1A3956D46DE8}") = "2 - Mongo", "2 - Mongo", "{A8B9C611-0D5C-44DB-8370-45BD36BD390F}"
EndProject
Project("{FAE04EC0-301F-11D3-BF4B-00C04F79EFBC}") = "BibliotecaSubeta.Mongo", "BibliotecaSubeta.Mongo\BibliotecaSubeta.Mongo.csproj", "{C27F432C-847B-4AC6-A344-8D43C75D8608}"
EndProject
Project("{2150E333-8FDC-42A3-9474-1A3956D46DE8}") = "1 - Entity", "1 - Entity", "{83FE2493-2B56-4E0A-AD4B-DAF850A3200F}"
EndProject
Project("{FAE04EC0-301F-11D3-BF4B-00C04F79EFBC}") = "BibliotecaSubeta.Entity", "BibliotecaSubeta.Entity\BibliotecaSubeta.Entity.csproj", "{90AFD6AA-50EE-486D-9491-86E616CBB36E}"
EndProject
Global
	GlobalSection(SolutionConfigurationPlatforms) = preSolution
		Debug|Any CPU = Debug|Any CPU
		Release|Any CPU = Release|Any CPU
	EndGlobalSection
	GlobalSection(ProjectConfigurationPlatforms) = postSolution
		{FBF19727-7C9D-46BD-B7A3-E9784B969BCF}.Debug|Any CPU.ActiveCfg = Debug|Any CPU
		{FBF19727-7C9D-46BD-B7A3-E9784B969BCF}.Debug|Any CPU.Build.0 = Debug|Any CPU
		{FBF19727-7C9D-46BD-B7A3-E9784B969BCF}.Release|Any CPU.ActiveCfg = Release|Any CPU
		{FBF19727-7C9D-46BD-B7A3-E9784B969BCF}.Release|Any CPU.Build.0 = Release|Any CPU
		{C27F432C-847B-4AC6-A344-8D43C75D8608}.Debug|Any CPU.ActiveCfg = Release|Any CPU
		{C27F432C-847B-4AC6-A344-8D43C75D8608}.Debug|Any CPU.Build.0 = Release|Any CPU
		{C27F432C-847B-4AC6-A344-8D43C75D8608}.Release|Any CPU.ActiveCfg = Release|Any CPU
		{C27F432C-847B-4AC6-A344-8D43C75D8608}.Release|Any CPU.Build.0 = Release|Any CPU
		{90AFD6AA-50EE-486D-9491-86E616CBB36E}.Debug|Any CPU.ActiveCfg = Debug|Any CPU
		{90AFD6AA-50EE-486D-9491-86E616CBB36E}.Debug|Any CPU.Build.0 = Debug|Any CPU
		{90AFD6AA-50EE-486D-9491-86E616CBB36E}.Release|Any CPU.ActiveCfg = Release|Any CPU
		{90AFD6AA-50EE-486D-9491-86E616CBB36E}.Release|Any CPU.Build.0 = Release|Any CPU
	EndGlobalSection
	GlobalSection(SolutionProperties) = preSolution
		HideSolutionNode = FALSE
	EndGlobalSection
	GlobalSection(NestedProjects) = preSolution
		{FBF19727-7C9D-46BD-B7A3-E9784B969BCF} = {282C9472-8121-41C1-8E1D-7FF49D87EAE7}
		{C27F432C-847B-4AC6-A344-8D43C75D8608} = {A8B9C611-0D5C-44DB-8370-45BD36BD390F}
		{90AFD6AA-50EE-486D-9491-86E616CBB36E} = {83FE2493-2B56-4E0A-AD4B-DAF850A3200F}
	EndGlobalSection
EndGlobal
