
Microsoft Visual Studio Solution File, Format Version 12.00
# Visual Studio 14
VisualStudioVersion = 14.0.25420.1
MinimumVisualStudioVersion = 10.0.40219.1
Project("{2150E333-8FDC-42A3-9474-1A3956D46DE8}") = "0 - Apresentacao", "0 - Apresentacao", "{282C9472-8121-41C1-8E1D-7FF49D87EAE7}"
EndProject
Project("{2150E333-8FDC-42A3-9474-1A3956D46DE8}") = "2  - Dominio", "2  - Dominio", "{ADD75887-E3D3-4698-9FE0-6EE34996D93B}"
EndProject
Project("{2150E333-8FDC-42A3-9474-1A3956D46DE8}") = "3 - Data", "3 - Data", "{ABC2AD0D-AA56-4AA0-B946-081CF0A8B101}"
EndProject
Project("{FAE04EC0-301F-11D3-BF4B-00C04F79EFBC}") = "BibliotecaSubeta.MVVM", "BibliotecaSubeta.MVVM\BibliotecaSubeta.MVVM.csproj", "{FBF19727-7C9D-46BD-B7A3-E9784B969BCF}"
EndProject
Project("{FAE04EC0-301F-11D3-BF4B-00C04F79EFBC}") = "BibliotecaSubeta.Dominio", "BibliotecaSubeta.Dominio\BibliotecaSubeta.Dominio.csproj", "{0040D67F-CE1A-4B9C-A24F-FC92210904FA}"
EndProject
Project("{FAE04EC0-301F-11D3-BF4B-00C04F79EFBC}") = "BibliotecaSubeta.Data", "BibliotecaSubeta.Data\BibliotecaSubeta.Data.csproj", "{4BBDCC7B-4933-4207-B204-D9B686322F0C}"
EndProject
Global
	GlobalSection(SolutionConfigurationPlatforms) = preSolution
		Debug|Any CPU = Debug|Any CPU
		Release|Any CPU = Release|Any CPU
	EndGlobalSection
	GlobalSection(ProjectConfigurationPlatforms) = postSolution
		{FBF19727-7C9D-46BD-B7A3-E9784B969BCF}.Debug|Any CPU.ActiveCfg = Debug|Any CPU
		{FBF19727-7C9D-46BD-B7A3-E9784B969BCF}.Debug|Any CPU.Build.0 = Debug|Any CPU
		{FBF19727-7C9D-46BD-B7A3-E9784B969BCF}.Release|Any CPU.ActiveCfg = Release|Any CPU
		{FBF19727-7C9D-46BD-B7A3-E9784B969BCF}.Release|Any CPU.Build.0 = Release|Any CPU
		{0040D67F-CE1A-4B9C-A24F-FC92210904FA}.Debug|Any CPU.ActiveCfg = Debug|Any CPU
		{0040D67F-CE1A-4B9C-A24F-FC92210904FA}.Debug|Any CPU.Build.0 = Debug|Any CPU
		{0040D67F-CE1A-4B9C-A24F-FC92210904FA}.Release|Any CPU.ActiveCfg = Release|Any CPU
		{0040D67F-CE1A-4B9C-A24F-FC92210904FA}.Release|Any CPU.Build.0 = Release|Any CPU
		{4BBDCC7B-4933-4207-B204-D9B686322F0C}.Debug|Any CPU.ActiveCfg = Debug|Any CPU
		{4BBDCC7B-4933-4207-B204-D9B686322F0C}.Debug|Any CPU.Build.0 = Debug|Any CPU
		{4BBDCC7B-4933-4207-B204-D9B686322F0C}.Release|Any CPU.ActiveCfg = Release|Any CPU
		{4BBDCC7B-4933-4207-B204-D9B686322F0C}.Release|Any CPU.Build.0 = Release|Any CPU
	EndGlobalSection
	GlobalSection(SolutionProperties) = preSolution
		HideSolutionNode = FALSE
	EndGlobalSection
	GlobalSection(NestedProjects) = preSolution
		{FBF19727-7C9D-46BD-B7A3-E9784B969BCF} = {282C9472-8121-41C1-8E1D-7FF49D87EAE7}
		{0040D67F-CE1A-4B9C-A24F-FC92210904FA} = {ADD75887-E3D3-4698-9FE0-6EE34996D93B}
		{4BBDCC7B-4933-4207-B204-D9B686322F0C} = {ABC2AD0D-AA56-4AA0-B946-081CF0A8B101}
	EndGlobalSection
EndGlobal
